
Microsoft Visual Studio Solution File, Format Version 12.00
# Visual Studio Version 17
VisualStudioVersion = 17.0.32112.339
MinimumVisualStudioVersion = 10.0.40219.1
Project("{FAE04EC0-301F-11D3-BF4B-00C04F79EFBC}") = "InterpretadorDeNumeros.ConsoleApp", "InterpretadorDeNumeros.ConsoleApp\InterpretadorDeNumeros.ConsoleApp.csproj", "{0DE5FE89-FE92-43D2-9753-6C06D8C0569F}"
EndProject
Global
	GlobalSection(SolutionConfigurationPlatforms) = preSolution
		Debug|Any CPU = Debug|Any CPU
		Release|Any CPU = Release|Any CPU
	EndGlobalSection
	GlobalSection(ProjectConfigurationPlatforms) = postSolution
		{0DE5FE89-FE92-43D2-9753-6C06D8C0569F}.Debug|Any CPU.ActiveCfg = Debug|Any CPU
		{0DE5FE89-FE92-43D2-9753-6C06D8C0569F}.Debug|Any CPU.Build.0 = Debug|Any CPU
		{0DE5FE89-FE92-43D2-9753-6C06D8C0569F}.Release|Any CPU.ActiveCfg = Release|Any CPU
		{0DE5FE89-FE92-43D2-9753-6C06D8C0569F}.Release|Any CPU.Build.0 = Release|Any CPU
	EndGlobalSection
	GlobalSection(SolutionProperties) = preSolution
		HideSolutionNode = FALSE
	EndGlobalSection
	GlobalSection(ExtensibilityGlobals) = postSolution
		SolutionGuid = {E04DA760-7D71-47AF-855C-FC6AEE92F327}
	EndGlobalSection
EndGlobal
