
Microsoft Visual Studio Solution File, Format Version 12.00
# Visual Studio Version 17
VisualStudioVersion = 17.0.32112.339
MinimumVisualStudioVersion = 10.0.40219.1
Project("{FAE04EC0-301F-11D3-BF4B-00C04F79EFBC}") = "Exercicio_01.ConsoleApp", "Exercicio_01.ConsoleApp\Exercicio_01.ConsoleApp.csproj", "{F885075E-17E1-4F13-B4F4-31D3FE1F86C0}"
EndProject
Global
	GlobalSection(SolutionConfigurationPlatforms) = preSolution
		Debug|Any CPU = Debug|Any CPU
		Release|Any CPU = Release|Any CPU
	EndGlobalSection
	GlobalSection(ProjectConfigurationPlatforms) = postSolution
		{F885075E-17E1-4F13-B4F4-31D3FE1F86C0}.Debug|Any CPU.ActiveCfg = Debug|Any CPU
		{F885075E-17E1-4F13-B4F4-31D3FE1F86C0}.Debug|Any CPU.Build.0 = Debug|Any CPU
		{F885075E-17E1-4F13-B4F4-31D3FE1F86C0}.Release|Any CPU.ActiveCfg = Release|Any CPU
		{F885075E-17E1-4F13-B4F4-31D3FE1F86C0}.Release|Any CPU.Build.0 = Release|Any CPU
	EndGlobalSection
	GlobalSection(SolutionProperties) = preSolution
		HideSolutionNode = FALSE
	EndGlobalSection
	GlobalSection(ExtensibilityGlobals) = postSolution
		SolutionGuid = {49A3786F-FDB1-4615-B8C2-F0368EBF6471}
	EndGlobalSection
EndGlobal
